{
  "version": 4,
  "terraform_version": "0.14.3",
  "serial": 71,
  "lineage": "4d8f552f-fcd3-5414-7a5a-0f0cccb9432a",
  "outputs": {
    "bastion_name": {
      "value": "kube-299111-bastion",
      "type": "string"
    },
    "bastion_private_ip": {
      "value": "192.168.0.6",
      "type": "string"
    },
    "bastion_public_ip": {
      "value": "35.195.143.155",
      "type": "string"
    },
    "bastion_zone": {
      "value": "europe-west1-c",
      "type": "string"
    },
    "kubernetes_cluster_location": {
      "value": "europe-west1-c",
      "type": "string"
    },
    "kubernetes_cluster_name": {
      "value": "kube-299111-gke",
      "type": "string"
    },
    "kubernetes_cluster_private_endpoint": {
      "value": "172.16.0.2",
      "type": "string"
    },
    "kubernetes_cluster_public_endpoint": {
      "value": "35.240.13.30",
      "type": "string"
    },
    "region": {
      "value": "europe-west1",
      "type": "string"
    }
  },
  "resources": [
    {
      "mode": "managed",
      "type": "google_compute_address",
      "name": "static",
      "provider": "provider[\"registry.terraform.io/hashicorp/google\"]",
      "instances": [
        {
          "schema_version": 0,
          "attributes": {
            "address": "35.195.143.155",
            "address_type": "EXTERNAL",
            "creation_timestamp": "2020-12-19T10:30:31.547-08:00",
            "description": "",
            "id": "projects/kube-299111/regions/europe-west1/addresses/ipv4-address",
            "name": "ipv4-address",
            "network_tier": "PREMIUM",
            "project": "kube-299111",
            "purpose": "",
            "region": "europe-west1",
            "self_link": "https://www.googleapis.com/compute/v1/projects/kube-299111/regions/europe-west1/addresses/ipv4-address",
            "subnetwork": "",
            "timeouts": null,
            "users": [
              "https://www.googleapis.com/compute/v1/projects/kube-299111/zones/europe-west1-c/instances/kube-299111-bastion"
            ]
          },
          "sensitive_attributes": [],
          "private": "eyJlMmJmYjczMC1lY2FhLTExZTYtOGY4OC0zNDM2M2JjN2M0YzAiOnsiY3JlYXRlIjoyNDAwMDAwMDAwMDAsImRlbGV0ZSI6MjQwMDAwMDAwMDAwfX0="
        }
      ]
    },
    {
      "mode": "managed",
      "type": "google_compute_firewall",
      "name": "ssh",
      "provider": "provider[\"registry.terraform.io/hashicorp/google\"]",
      "instances": [
        {
          "schema_version": 1,
          "attributes": {
            "allow": [
              {
                "ports": [
                  "22"
                ],
                "protocol": "tcp"
              },
              {
                "ports": [],
                "protocol": "icmp"
              }
            ],
            "creation_timestamp": "2020-12-19T10:52:19.277-08:00",
            "deny": [],
            "description": "",
            "destination_ranges": [],
            "direction": "INGRESS",
            "disabled": false,
            "enable_logging": null,
            "id": "projects/kube-299111/global/firewalls/ssh-firewall-rules",
            "log_config": [],
            "name": "ssh-firewall-rules",
            "network": "https://www.googleapis.com/compute/v1/projects/kube-299111/global/networks/kube-299111-vpc",
            "priority": 1000,
            "project": "kube-299111",
            "self_link": "https://www.googleapis.com/compute/v1/projects/kube-299111/global/firewalls/ssh-firewall-rules",
            "source_ranges": [
              "0.0.0.0/0"
            ],
            "source_service_accounts": [],
            "source_tags": [],
            "target_service_accounts": [],
            "target_tags": [
              "ssh"
            ],
            "timeouts": null
          },
          "sensitive_attributes": [],
          "private": "eyJlMmJmYjczMC1lY2FhLTExZTYtOGY4OC0zNDM2M2JjN2M0YzAiOnsiY3JlYXRlIjoyNDAwMDAwMDAwMDAsImRlbGV0ZSI6MjQwMDAwMDAwMDAwLCJ1cGRhdGUiOjI0MDAwMDAwMDAwMH0sInNjaGVtYV92ZXJzaW9uIjoiMSJ9",
          "dependencies": [
            "google_compute_network.vpc"
          ]
        }
      ]
    },
    {
      "mode": "managed",
      "type": "google_compute_instance",
      "name": "bastion",
      "provider": "provider[\"registry.terraform.io/hashicorp/google\"]",
      "instances": [
        {
          "schema_version": 6,
          "attributes": {
            "allow_stopping_for_update": null,
            "attached_disk": [],
            "boot_disk": [
              {
                "auto_delete": true,
                "device_name": "persistent-disk-0",
                "disk_encryption_key_raw": "",
                "disk_encryption_key_sha256": "",
                "initialize_params": [
                  {
                    "image": "https://www.googleapis.com/compute/v1/projects/debian-cloud/global/images/debian-10-buster-v20201216",
                    "labels": {},
                    "size": 10,
                    "type": "pd-standard"
                  }
                ],
                "kms_key_self_link": "",
                "mode": "READ_WRITE",
                "source": "https://www.googleapis.com/compute/v1/projects/kube-299111/zones/europe-west1-c/disks/kube-299111-bastion"
              }
            ],
            "can_ip_forward": false,
            "cpu_platform": "Intel Haswell",
            "current_status": "RUNNING",
            "deletion_protection": false,
            "description": "",
            "desired_status": null,
            "enable_display": false,
            "guest_accelerator": [],
            "hostname": "",
            "id": "projects/kube-299111/zones/europe-west1-c/instances/kube-299111-bastion",
            "instance_id": "2601099494472021658",
            "label_fingerprint": "42WmSpB8rSM=",
            "labels": {},
            "machine_type": "e2-micro",
            "metadata": {
              "project": "test",
              "ssh-keys": "stejon:ssh-rsa AAAAB3NzaC1yc2EAAAADAQABAAABAQDuFuUBZAJiuQ8XyIUu7xm0G6BBWYb3cLUinY6PnHL1fxBYTGdjMDuKDEKVwbRkoC3tOkpPerfyfjcB+sfWjPFValOpMPN7NV4huI+8D58bljjtwSbnOgFNCsCMAvmo69149WdNOOuhs03hfk3qqUO4qTIBN6t6+QI4uylCZVgr4Kak1o8FzPLH7S3A6DrFxEjC4Ji2Jq2wYh8x445T+acQ+IYq4MwlxCAlPiQm9bxyzwlh8+z4MYJlFzQ5WJO1g6cyAcNJUkAtl1EwAKwcQLFhzoUi9kiFm6GTtQCwk5Rx/3wSoc6ITISwjvv/ZmUdGwHXS88cqP7dQQd1OSM1c/4Z sergio@sergio-PC\n",
              "type": "bastion"
            },
            "metadata_fingerprint": "8zbURr413h0=",
            "metadata_startup_script": "echo hi \u003e /test.txt",
            "min_cpu_platform": "",
            "name": "kube-299111-bastion",
            "network_interface": [
              {
                "access_config": [
                  {
                    "nat_ip": "35.195.143.155",
                    "network_tier": "PREMIUM",
                    "public_ptr_domain_name": ""
                  }
                ],
                "alias_ip_range": [],
                "name": "nic0",
                "network": "https://www.googleapis.com/compute/v1/projects/kube-299111/global/networks/kube-299111-vpc",
                "network_ip": "192.168.0.6",
                "subnetwork": "https://www.googleapis.com/compute/v1/projects/kube-299111/regions/europe-west1/subnetworks/kube-299111-subnet",
                "subnetwork_project": "kube-299111"
              }
            ],
            "project": "kube-299111",
            "resource_policies": [],
            "scheduling": [
              {
                "automatic_restart": true,
                "node_affinities": [],
                "on_host_maintenance": "MIGRATE",
                "preemptible": false
              }
            ],
            "scratch_disk": [],
            "self_link": "https://www.googleapis.com/compute/v1/projects/kube-299111/zones/europe-west1-c/instances/kube-299111-bastion",
            "service_account": [
              {
                "email": "bastion-service-account@kube-299111.iam.gserviceaccount.com",
                "scopes": [
                  "https://www.googleapis.com/auth/compute.readonly",
                  "https://www.googleapis.com/auth/devstorage.read_only",
                  "https://www.googleapis.com/auth/userinfo.email"
                ]
              }
            ],
            "shielded_instance_config": [
              {
                "enable_integrity_monitoring": true,
                "enable_secure_boot": false,
                "enable_vtpm": true
              }
            ],
            "tags": [
              "ssh"
            ],
            "tags_fingerprint": "pfSjJj1RiUg=",
            "timeouts": null,
            "zone": "europe-west1-c"
          },
          "sensitive_attributes": [],
          "private": "eyJlMmJmYjczMC1lY2FhLTExZTYtOGY4OC0zNDM2M2JjN2M0YzAiOnsiY3JlYXRlIjoxMjAwMDAwMDAwMDAwLCJkZWxldGUiOjEyMDAwMDAwMDAwMDAsInVwZGF0ZSI6MTIwMDAwMDAwMDAwMH0sInNjaGVtYV92ZXJzaW9uIjoiNiJ9",
          "dependencies": [
            "google_compute_address.static",
            "google_compute_network.vpc",
            "google_compute_subnetwork.subnet",
            "google_service_account.bastion_sa"
          ]
        }
      ]
    },
    {
      "mode": "managed",
      "type": "google_compute_network",
      "name": "vpc",
      "provider": "provider[\"registry.terraform.io/hashicorp/google\"]",
      "instances": [
        {
          "schema_version": 0,
          "attributes": {
            "auto_create_subnetworks": false,
            "delete_default_routes_on_create": false,
            "description": "",
            "gateway_ipv4": "",
            "id": "projects/kube-299111/global/networks/kube-299111-vpc",
            "mtu": 0,
            "name": "kube-299111-vpc",
            "project": "kube-299111",
            "routing_mode": "REGIONAL",
            "self_link": "https://www.googleapis.com/compute/v1/projects/kube-299111/global/networks/kube-299111-vpc",
            "timeouts": null
          },
          "sensitive_attributes": [],
          "private": "eyJlMmJmYjczMC1lY2FhLTExZTYtOGY4OC0zNDM2M2JjN2M0YzAiOnsiY3JlYXRlIjoyNDAwMDAwMDAwMDAsImRlbGV0ZSI6MjQwMDAwMDAwMDAwLCJ1cGRhdGUiOjI0MDAwMDAwMDAwMH19"
        }
      ]
    },
    {
      "mode": "managed",
      "type": "google_compute_subnetwork",
      "name": "subnet",
      "provider": "provider[\"registry.terraform.io/hashicorp/google\"]",
      "instances": [
        {
          "schema_version": 0,
          "attributes": {
            "creation_timestamp": "2020-12-19T08:38:45.543-08:00",
            "description": "",
            "fingerprint": null,
            "gateway_address": "192.168.0.1",
            "id": "projects/kube-299111/regions/europe-west1/subnetworks/kube-299111-subnet",
            "ip_cidr_range": "192.168.0.0/24",
            "log_config": [],
            "name": "kube-299111-subnet",
            "network": "https://www.googleapis.com/compute/v1/projects/kube-299111/global/networks/kube-299111-vpc",
            "private_ip_google_access": false,
            "private_ipv6_google_access": "DISABLE_GOOGLE_ACCESS",
            "project": "kube-299111",
            "region": "europe-west1",
            "secondary_ip_range": [
              {
                "ip_cidr_range": "10.0.0.0/14",
                "range_name": "k8s-pods-range"
              },
              {
                "ip_cidr_range": "10.4.0.0/19",
                "range_name": "k8s-services-range"
              }
            ],
            "self_link": "https://www.googleapis.com/compute/v1/projects/kube-299111/regions/europe-west1/subnetworks/kube-299111-subnet",
            "timeouts": null
          },
          "sensitive_attributes": [],
          "private": "eyJlMmJmYjczMC1lY2FhLTExZTYtOGY4OC0zNDM2M2JjN2M0YzAiOnsiY3JlYXRlIjozNjAwMDAwMDAwMDAsImRlbGV0ZSI6MzYwMDAwMDAwMDAwLCJ1cGRhdGUiOjM2MDAwMDAwMDAwMH19",
          "dependencies": [
            "google_compute_network.vpc"
          ]
        }
      ]
    },
    {
      "mode": "managed",
      "type": "google_container_cluster",
      "name": "primary",
      "provider": "provider[\"registry.terraform.io/hashicorp/google\"]",
      "instances": [
        {
          "schema_version": 1,
          "attributes": {
            "addons_config": [
              {
                "cloudrun_config": [],
                "horizontal_pod_autoscaling": [],
                "http_load_balancing": [],
                "network_policy_config": [
                  {
                    "disabled": true
                  }
                ]
              }
            ],
            "authenticator_groups_config": [],
            "cluster_autoscaling": [
              {
                "auto_provisioning_defaults": [],
                "enabled": false,
                "resource_limits": []
              }
            ],
            "cluster_ipv4_cidr": "10.0.0.0/14",
            "database_encryption": [
              {
                "key_name": "",
                "state": "DECRYPTED"
              }
            ],
            "default_max_pods_per_node": 110,
            "description": "",
            "enable_binary_authorization": false,
            "enable_intranode_visibility": null,
            "enable_kubernetes_alpha": false,
            "enable_legacy_abac": false,
            "enable_shielded_nodes": false,
            "enable_tpu": null,
            "endpoint": "172.16.0.2",
            "id": "projects/kube-299111/locations/europe-west1-c/clusters/kube-299111-gke",
            "initial_node_count": 1,
            "instance_group_urls": [],
            "ip_allocation_policy": [
              {
                "cluster_ipv4_cidr_block": "10.0.0.0/14",
                "cluster_secondary_range_name": "k8s-pods-range",
                "services_ipv4_cidr_block": "10.4.0.0/19",
                "services_secondary_range_name": "k8s-services-range"
              }
            ],
            "label_fingerprint": "a9dc16a7",
            "location": "europe-west1-c",
            "logging_service": "logging.googleapis.com/kubernetes",
            "maintenance_policy": [],
            "master_auth": [
              {
                "client_certificate": "",
                "client_certificate_config": [
                  {
                    "issue_client_certificate": false
                  }
                ],
                "client_key": "",
                "cluster_ca_certificate": "LS0tLS1CRUdJTiBDRVJUSUZJQ0FURS0tLS0tCk1JSURLakNDQWhLZ0F3SUJBZ0lRSEZORU5KMWpYemt3RjJnTWhhUDIzekFOQmdrcWhraUc5dzBCQVFzRkFEQXYKTVMwd0t3WURWUVFERXlRNVl6YzJPR1prT1MwNU16RmxMVFEwWVRZdFlqTmhZeTFrWkRobE5qSTBNV1l3WkdZdwpIaGNOTWpBeE1qRTVNVGd6T1RJMldoY05NalV4TWpFNE1Ua3pPVEkyV2pBdk1TMHdLd1lEVlFRREV5UTVZemMyCk9HWmtPUzA1TXpGbExUUTBZVFl0WWpOaFl5MWtaRGhsTmpJME1XWXdaR1l3Z2dFaU1BMEdDU3FHU0liM0RRRUIKQVFVQUE0SUJEd0F3Z2dFS0FvSUJBUUQwUHdaaVowUnF2VzBXMUpMekxZdUpKaFZOdFowRklQSE10dEJCRXN2Twp5Mzk5VUVNbFlxNmR5aXFxaFRzRjJ3RC9LRmZkWkJUUnFiU25hR29NbGJNY3RYamJSR2tlYkpWeDNOeVF4dHNQCkwrZldLU0xsZ2ZVQXFMbTBnSGQybHUyTmpqcjFZWVM5dGtMYyt5TnU1b1AyVk5ienVnS1lkMU5LVmJyeUVaZWgKdnpaZUttZWRmZmwrZG1GckZJSUhSMGdEUzRuSjlLRlRKUjllNW0vRzRCSUJ2aUZIMWxNSHFjWWl5bXdmT0J3RApXU29ZK2U3USttOG8reUNlYU9pQ3dHaDZaQ2h6ODQ0dURCeXIySm5DVXpZTjNkcDJhejJITW5ScUIzd3JmMmpCCm5PR0E1YzdGakZwZXA0MHVkY25yM2E5NGQzRlRFalA5a2xyVlBCRTFUSW5mQWdNQkFBR2pRakJBTUE0R0ExVWQKRHdFQi93UUVBd0lDQkRBUEJnTlZIUk1CQWY4RUJUQURBUUgvTUIwR0ExVWREZ1FXQkJRNUliTHNSZmFpTmR4cQpEcSszUmFSMFJzUEVOekFOQmdrcWhraUc5dzBCQVFzRkFBT0NBUUVBMHlVdkxuSys5d04wRk1RaTQ1U3JEV3pKCmRNVUZiTmcwcEsxRTBNV3NkWFBzajlHd2Q5UUNOQmxWVEZ2OHFyai9BbWJGRGZqVThGSWdFQUZQK1ZFQm5TKzMKZUlEOVVHYWs2NVpCVzNXbE9YQml4ZXFLVEUzeDRWTytSVFdZb2tab2JGZ0N5aDAyNS8xZmdQejhDdWZ0VU1NbQpvWk0wTVBleGgyTkhzc3FqYnhTNDlxcE5LUDNpY1VBanJrOUNsTllkTmdkeS9yaWhheWlscUFhNnJ2WHdTYlErCmxPUG5VUWMraGd3M0NJendHYXJwRzVwbHpuSmYyVGJ5WEI2eFpJaXhubDZIckZkQnUxampPWXdvalJlWFhmUEcKWThUcHc1Tk02SG8zQ09BbjlpdnhDNitVUzhqbFpwZVFNY2xOWkZaZmE5T0p0S0VJZDJYSFRHcGc0MkZrNkE9PQotLS0tLUVORCBDRVJUSUZJQ0FURS0tLS0tCg==",
                "password": "",
                "username": ""
              }
            ],
            "master_authorized_networks_config": [
              {
                "cidr_blocks": [
                  {
                    "cidr_block": "192.168.0.0/24",
                    "display_name": "Main vpc range"
                  }
                ]
              }
            ],
            "master_version": "1.16.15-gke.4901",
            "min_master_version": null,
            "monitoring_service": "monitoring.googleapis.com/kubernetes",
            "name": "kube-299111-gke",
            "network": "projects/kube-299111/global/networks/kube-299111-vpc",
            "network_policy": [
              {
                "enabled": false,
                "provider": "PROVIDER_UNSPECIFIED"
              }
            ],
            "node_config": [],
            "node_locations": [],
            "node_pool": [],
            "node_version": "1.16.15-gke.4901",
            "operation": null,
            "pod_security_policy_config": [],
            "private_cluster_config": [
              {
                "enable_private_endpoint": true,
                "enable_private_nodes": true,
                "master_ipv4_cidr_block": "172.16.0.0/28",
                "peering_name": "gke-n5eb7ff9d64fccaa350f-1e03-8b09-peer",
                "private_endpoint": "172.16.0.2",
                "public_endpoint": "35.240.13.30"
              }
            ],
            "project": "kube-299111",
            "release_channel": [
              {
                "channel": "UNSPECIFIED"
              }
            ],
            "remove_default_node_pool": true,
            "resource_labels": null,
            "resource_usage_export_config": [],
            "self_link": "https://container.googleapis.com/v1beta1/projects/kube-299111/zones/europe-west1-c/clusters/kube-299111-gke",
            "services_ipv4_cidr": "10.4.0.0/19",
            "subnetwork": "projects/kube-299111/regions/europe-west1/subnetworks/kube-299111-subnet",
            "timeouts": null,
            "vertical_pod_autoscaling": [],
            "workload_identity_config": []
          },
          "sensitive_attributes": [],
          "private": "eyJlMmJmYjczMC1lY2FhLTExZTYtOGY4OC0zNDM2M2JjN2M0YzAiOnsiY3JlYXRlIjoyNDAwMDAwMDAwMDAwLCJkZWxldGUiOjI0MDAwMDAwMDAwMDAsInJlYWQiOjI0MDAwMDAwMDAwMDAsInVwZGF0ZSI6MzYwMDAwMDAwMDAwMH0sInNjaGVtYV92ZXJzaW9uIjoiMSJ9",
          "dependencies": [
            "google_compute_network.vpc",
            "google_compute_subnetwork.subnet"
          ]
        }
      ]
    },
    {
      "mode": "managed",
      "type": "google_container_node_pool",
      "name": "primary_nodes",
      "provider": "provider[\"registry.terraform.io/hashicorp/google\"]",
      "instances": [
        {
          "schema_version": 1,
          "attributes": {
            "autoscaling": [],
            "cluster": "kube-299111-gke",
            "id": "projects/kube-299111/locations/europe-west1-c/clusters/kube-299111-gke/nodePools/kube-299111-gke-node-pool",
            "initial_node_count": 3,
            "instance_group_urls": [
              "https://www.googleapis.com/compute/v1/projects/kube-299111/zones/europe-west1-c/instanceGroupManagers/gke-kube-299111-gke-kube-299111-gke-n-cd8d0aad-grp"
            ],
            "location": "europe-west1-c",
            "management": [
              {
                "auto_repair": true,
                "auto_upgrade": true
              }
            ],
            "max_pods_per_node": 110,
            "name": "kube-299111-gke-node-pool",
            "name_prefix": "",
            "node_config": [
              {
                "disk_size_gb": 100,
                "disk_type": "pd-standard",
                "guest_accelerator": [],
                "image_type": "COS",
                "labels": {
                  "env": "kube-299111"
                },
                "local_ssd_count": 0,
                "machine_type": "e2-micro",
                "metadata": {
                  "disable-legacy-endpoints": "true"
                },
                "min_cpu_platform": "",
                "oauth_scopes": [
                  "https://www.googleapis.com/auth/logging.write",
                  "https://www.googleapis.com/auth/monitoring"
                ],
                "preemptible": false,
                "service_account": "gke-nodes-service-account@kube-299111.iam.gserviceaccount.com",
                "shielded_instance_config": [
                  {
                    "enable_integrity_monitoring": true,
                    "enable_secure_boot": false
                  }
                ],
                "tags": [
                  "gke-node",
                  "kube-299111-gke"
                ],
                "taint": [],
                "workload_metadata_config": []
              }
            ],
            "node_count": 3,
            "node_locations": [
              "europe-west1-c"
            ],
            "project": "kube-299111",
            "timeouts": null,
            "upgrade_settings": [
              {
                "max_surge": 1,
                "max_unavailable": 0
              }
            ],
            "version": "1.16.15-gke.4901"
          },
          "sensitive_attributes": [],
          "private": "eyJlMmJmYjczMC1lY2FhLTExZTYtOGY4OC0zNDM2M2JjN2M0YzAiOnsiY3JlYXRlIjoxODAwMDAwMDAwMDAwLCJkZWxldGUiOjE4MDAwMDAwMDAwMDAsInVwZGF0ZSI6MTgwMDAwMDAwMDAwMH0sInNjaGVtYV92ZXJzaW9uIjoiMSJ9",
          "dependencies": [
            "google_compute_network.vpc",
            "google_compute_subnetwork.subnet",
            "google_container_cluster.primary",
            "google_service_account.gke_sa"
          ]
        }
      ]
    },
    {
      "mode": "managed",
      "type": "google_service_account",
      "name": "bastion_sa",
      "provider": "provider[\"registry.terraform.io/hashicorp/google\"]",
      "instances": [
        {
          "schema_version": 0,
          "attributes": {
            "account_id": "bastion-service-account",
            "description": "",
            "display_name": "Service Account for Bastion instance",
            "email": "bastion-service-account@kube-299111.iam.gserviceaccount.com",
            "id": "projects/kube-299111/serviceAccounts/bastion-service-account@kube-299111.iam.gserviceaccount.com",
            "name": "projects/kube-299111/serviceAccounts/bastion-service-account@kube-299111.iam.gserviceaccount.com",
            "project": "kube-299111",
            "timeouts": null,
            "unique_id": "113210043468000085334"
          },
          "sensitive_attributes": [],
          "private": "eyJlMmJmYjczMC1lY2FhLTExZTYtOGY4OC0zNDM2M2JjN2M0YzAiOnsiY3JlYXRlIjozMDAwMDAwMDAwMDB9fQ=="
        }
      ]
    },
    {
      "mode": "managed",
      "type": "google_service_account",
      "name": "gke_sa",
      "provider": "provider[\"registry.terraform.io/hashicorp/google\"]",
      "instances": [
        {
          "schema_version": 0,
          "attributes": {
            "account_id": "gke-nodes-service-account",
            "description": "",
            "display_name": "Service Account for GKE nodes",
            "email": "gke-nodes-service-account@kube-299111.iam.gserviceaccount.com",
            "id": "projects/kube-299111/serviceAccounts/gke-nodes-service-account@kube-299111.iam.gserviceaccount.com",
            "name": "projects/kube-299111/serviceAccounts/gke-nodes-service-account@kube-299111.iam.gserviceaccount.com",
            "project": "kube-299111",
            "timeouts": null,
            "unique_id": "101900250210243439382"
          },
          "sensitive_attributes": [],
          "private": "eyJlMmJmYjczMC1lY2FhLTExZTYtOGY4OC0zNDM2M2JjN2M0YzAiOnsiY3JlYXRlIjozMDAwMDAwMDAwMDB9fQ=="
        }
      ]
    }
  ]
}
